
Microsoft Visual Studio Solution File, Format Version 12.00
# Visual Studio 15
Project("{FAE04EC0-301F-11D3-BF4B-00C04F79EFBC}") = "Assembly-CSharp", "Assembly-CSharp.csproj", "{87C78081-FEDD-5EF3-6861-EFD7CE572160}"
EndProject
Project("{FAE04EC0-301F-11D3-BF4B-00C04F79EFBC}") = "Assembly-CSharp-Editor", "Assembly-CSharp-Editor.csproj", "{0CAD1A3E-9D46-E80F-225B-D5520710B02A}"
EndProject
Global
	GlobalSection(SolutionConfigurationPlatforms) = preSolution
		Debug|Any CPU = Debug|Any CPU
		Release|Any CPU = Release|Any CPU
	EndGlobalSection
	GlobalSection(ProjectConfigurationPlatforms) = postSolution
		{87C78081-FEDD-5EF3-6861-EFD7CE572160}.Debug|Any CPU.ActiveCfg = Debug|Any CPU
		{87C78081-FEDD-5EF3-6861-EFD7CE572160}.Debug|Any CPU.Build.0 = Debug|Any CPU
		{87C78081-FEDD-5EF3-6861-EFD7CE572160}.Release|Any CPU.ActiveCfg = Release|Any CPU
		{87C78081-FEDD-5EF3-6861-EFD7CE572160}.Release|Any CPU.Build.0 = Release|Any CPU
		{0CAD1A3E-9D46-E80F-225B-D5520710B02A}.Debug|Any CPU.ActiveCfg = Debug|Any CPU
		{0CAD1A3E-9D46-E80F-225B-D5520710B02A}.Debug|Any CPU.Build.0 = Debug|Any CPU
		{0CAD1A3E-9D46-E80F-225B-D5520710B02A}.Release|Any CPU.ActiveCfg = Release|Any CPU
		{0CAD1A3E-9D46-E80F-225B-D5520710B02A}.Release|Any CPU.Build.0 = Release|Any CPU
	EndGlobalSection
	GlobalSection(SolutionProperties) = preSolution
		HideSolutionNode = FALSE
	EndGlobalSection
EndGlobal
